// !$*UTF8*$!
{
	archiveVersion = 1;
	classes = {
	};
	objectVersion = 77;
	objects = {

/* Begin PBXBuildFile section */
		3DADDD262DAB3A8A0014FC7B /* SMBClient in Frameworks */ = {isa = PBXBuildFile; productRef = 3DADDD252DAB3A8A0014FC7B /* SMBClient */; };
/* End PBXBuildFile section */

/* Begin PBXContainerItemProxy section */
		3DADDCF42DAB34C50014FC7B /* PBXContainerItemProxy */ = {
			isa = PBXContainerItemProxy;
			containerPortal = 3DADDCDE2DAB34C30014FC7B /* Project object */;
			proxyType = 1;
			remoteGlobalIDString = 3DADDCE52DAB34C30014FC7B;
			remoteInfo = SMBGallery;
		};
		3DADDCFE2DAB34C50014FC7B /* PBXContainerItemProxy */ = {
			isa = PBXContainerItemProxy;
			containerPortal = 3DADDCDE2DAB34C30014FC7B /* Project object */;
			proxyType = 1;
			remoteGlobalIDString = 3DADDCE52DAB34C30014FC7B;
			remoteInfo = SMBGallery;
		};
/* End PBXContainerItemProxy section */

/* Begin PBXFileReference section */
		3DADDCE62DAB34C30014FC7B /* SMBGallery.app */ = {isa = PBXFileReference; explicitFileType = wrapper.application; includeInIndex = 0; path = SMBGallery.app; sourceTree = BUILT_PRODUCTS_DIR; };
		3DADDCF32DAB34C50014FC7B /* SMBGalleryTests.xctest */ = {isa = PBXFileReference; explicitFileType = wrapper.cfbundle; includeInIndex = 0; path = SMBGalleryTests.xctest; sourceTree = BUILT_PRODUCTS_DIR; };
		3DADDCFD2DAB34C50014FC7B /* SMBGalleryUITests.xctest */ = {isa = PBXFileReference; explicitFileType = wrapper.cfbundle; includeInIndex = 0; path = SMBGalleryUITests.xctest; sourceTree = BUILT_PRODUCTS_DIR; };
/* End PBXFileReference section */

/* Begin PBXFileSystemSynchronizedRootGroup section */
		3DADDCE82DAB34C30014FC7B /* SMBGallery */ = {
			isa = PBXFileSystemSynchronizedRootGroup;
			path = SMBGallery;
			sourceTree = "<group>";
		};
		3DADDCF62DAB34C50014FC7B /* SMBGalleryTests */ = {
			isa = PBXFileSystemSynchronizedRootGroup;
			path = SMBGalleryTests;
			sourceTree = "<group>";
		};
		3DADDD002DAB34C50014FC7B /* SMBGalleryUITests */ = {
			isa = PBXFileSystemSynchronizedRootGroup;
			path = SMBGalleryUITests;
			sourceTree = "<group>";
		};
/* End PBXFileSystemSynchronizedRootGroup section */

/* Begin PBXFrameworksBuildPhase section */
		3DADDCE32DAB34C30014FC7B /* Frameworks */ = {
			isa = PBXFrameworksBuildPhase;
			buildActionMask = 2147483647;
			files = (
				3DADDD262DAB3A8A0014FC7B /* SMBClient in Frameworks */,
			);
			runOnlyForDeploymentPostprocessing = 0;
		};
		3DADDCF02DAB34C50014FC7B /* Frameworks */ = {
			isa = PBXFrameworksBuildPhase;
			buildActionMask = 2147483647;
			files = (
			);
			runOnlyForDeploymentPostprocessing = 0;
		};
		3DADDCFA2DAB34C50014FC7B /* Frameworks */ = {
			isa = PBXFrameworksBuildPhase;
			buildActionMask = 2147483647;
			files = (
			);
			runOnlyForDeploymentPostprocessing = 0;
		};
/* End PBXFrameworksBuildPhase section */

/* Begin PBXGroup section */
		3DADDCDD2DAB34C30014FC7B = {
			isa = PBXGroup;
			children = (
				3DADDCE82DAB34C30014FC7B /* SMBGallery */,
				3DADDCF62DAB34C50014FC7B /* SMBGalleryTests */,
				3DADDD002DAB34C50014FC7B /* SMBGalleryUITests */,
				3DADDCE72DAB34C30014FC7B /* Products */,
			);
			sourceTree = "<group>";
		};
		3DADDCE72DAB34C30014FC7B /* Products */ = {
			isa = PBXGroup;
			children = (
				3DADDCE62DAB34C30014FC7B /* SMBGallery.app */,
				3DADDCF32DAB34C50014FC7B /* SMBGalleryTests.xctest */,
				3DADDCFD2DAB34C50014FC7B /* SMBGalleryUITests.xctest */,
			);
			name = Products;
			sourceTree = "<group>";
		};
/* End PBXGroup section */

/* Begin PBXNativeTarget section */
		3DADDCE52DAB34C30014FC7B /* SMBGallery */ = {
			isa = PBXNativeTarget;
			buildConfigurationList = 3DADDD072DAB34C50014FC7B /* Build configuration list for PBXNativeTarget "SMBGallery" */;
			buildPhases = (
				3DADDCE22DAB34C30014FC7B /* Sources */,
				3DADDCE32DAB34C30014FC7B /* Frameworks */,
				3DADDCE42DAB34C30014FC7B /* Resources */,
			);
			buildRules = (
			);
			dependencies = (
			);
			fileSystemSynchronizedGroups = (
				3DADDCE82DAB34C30014FC7B /* SMBGallery */,
			);
			name = SMBGallery;
			packageProductDependencies = (
				3DADDD252DAB3A8A0014FC7B /* SMBClient */,
			);
			productName = SMBGallery;
			productReference = 3DADDCE62DAB34C30014FC7B /* SMBGallery.app */;
			productType = "com.apple.product-type.application";
		};
		3DADDCF22DAB34C50014FC7B /* SMBGalleryTests */ = {
			isa = PBXNativeTarget;
			buildConfigurationList = 3DADDD0A2DAB34C50014FC7B /* Build configuration list for PBXNativeTarget "SMBGalleryTests" */;
			buildPhases = (
				3DADDCEF2DAB34C50014FC7B /* Sources */,
				3DADDCF02DAB34C50014FC7B /* Frameworks */,
				3DADDCF12DAB34C50014FC7B /* Resources */,
			);
			buildRules = (
			);
			dependencies = (
				3DADDCF52DAB34C50014FC7B /* PBXTargetDependency */,
			);
			fileSystemSynchronizedGroups = (
				3DADDCF62DAB34C50014FC7B /* SMBGalleryTests */,
			);
			name = SMBGalleryTests;
			packageProductDependencies = (
			);
			productName = SMBGalleryTests;
			productReference = 3DADDCF32DAB34C50014FC7B /* SMBGalleryTests.xctest */;
			productType = "com.apple.product-type.bundle.unit-test";
		};
		3DADDCFC2DAB34C50014FC7B /* SMBGalleryUITests */ = {
			isa = PBXNativeTarget;
			buildConfigurationList = 3DADDD0D2DAB34C50014FC7B /* Build configuration list for PBXNativeTarget "SMBGalleryUITests" */;
			buildPhases = (
				3DADDCF92DAB34C50014FC7B /* Sources */,
				3DADDCFA2DAB34C50014FC7B /* Frameworks */,
				3DADDCFB2DAB34C50014FC7B /* Resources */,
			);
			buildRules = (
			);
			dependencies = (
				3DADDCFF2DAB34C50014FC7B /* PBXTargetDependency */,
			);
			fileSystemSynchronizedGroups = (
				3DADDD002DAB34C50014FC7B /* SMBGalleryUITests */,
			);
			name = SMBGalleryUITests;
			packageProductDependencies = (
			);
			productName = SMBGalleryUITests;
			productReference = 3DADDCFD2DAB34C50014FC7B /* SMBGalleryUITests.xctest */;
			productType = "com.apple.product-type.bundle.ui-testing";
		};
/* End PBXNativeTarget section */

/* Begin PBXProject section */
		3DADDCDE2DAB34C30014FC7B /* Project object */ = {
			isa = PBXProject;
			attributes = {
				BuildIndependentTargetsInParallel = 1;
				LastSwiftUpdateCheck = 1630;
				LastUpgradeCheck = 1630;
				TargetAttributes = {
					3DADDCE52DAB34C30014FC7B = {
						CreatedOnToolsVersion = 16.3;
					};
					3DADDCF22DAB34C50014FC7B = {
						CreatedOnToolsVersion = 16.3;
						TestTargetID = 3DADDCE52DAB34C30014FC7B;
					};
					3DADDCFC2DAB34C50014FC7B = {
						CreatedOnToolsVersion = 16.3;
						TestTargetID = 3DADDCE52DAB34C30014FC7B;
					};
				};
			};
			buildConfigurationList = 3DADDCE12DAB34C30014FC7B /* Build configuration list for PBXProject "SMBGallery" */;
			developmentRegion = en;
			hasScannedForEncodings = 0;
			knownRegions = (
				en,
				Base,
			);
			mainGroup = 3DADDCDD2DAB34C30014FC7B;
			minimizedProjectReferenceProxies = 1;
			packageReferences = (
				3DADDD242DAB3A8A0014FC7B /* XCRemoteSwiftPackageReference "SMBClient" */,
			);
			preferredProjectObjectVersion = 77;
			productRefGroup = 3DADDCE72DAB34C30014FC7B /* Products */;
			projectDirPath = "";
			projectRoot = "";
			targets = (
				3DADDCE52DAB34C30014FC7B /* SMBGallery */,
				3DADDCF22DAB34C50014FC7B /* SMBGalleryTests */,
				3DADDCFC2DAB34C50014FC7B /* SMBGalleryUITests */,
			);
		};
/* End PBXProject section */

/* Begin PBXResourcesBuildPhase section */
		3DADDCE42DAB34C30014FC7B /* Resources */ = {
			isa = PBXResourcesBuildPhase;
			buildActionMask = 2147483647;
			files = (
			);
			runOnlyForDeploymentPostprocessing = 0;
		};
		3DADDCF12DAB34C50014FC7B /* Resources */ = {
			isa = PBXResourcesBuildPhase;
			buildActionMask = 2147483647;
			files = (
			);
			runOnlyForDeploymentPostprocessing = 0;
		};
		3DADDCFB2DAB34C50014FC7B /* Resources */ = {
			isa = PBXResourcesBuildPhase;
			buildActionMask = 2147483647;
			files = (
			);
			runOnlyForDeploymentPostprocessing = 0;
		};
/* End PBXResourcesBuildPhase section */

/* Begin PBXSourcesBuildPhase section */
		3DADDCE22DAB34C30014FC7B /* Sources */ = {
			isa = PBXSourcesBuildPhase;
			buildActionMask = 2147483647;
			files = (
			);
			runOnlyForDeploymentPostprocessing = 0;
		};
		3DADDCEF2DAB34C50014FC7B /* Sources */ = {
			isa = PBXSourcesBuildPhase;
			buildActionMask = 2147483647;
			files = (
			);
			runOnlyForDeploymentPostprocessing = 0;
		};
		3DADDCF92DAB34C50014FC7B /* Sources */ = {
			isa = PBXSourcesBuildPhase;
			buildActionMask = 2147483647;
			files = (
			);
			runOnlyForDeploymentPostprocessing = 0;
		};
/* End PBXSourcesBuildPhase section */

/* Begin PBXTargetDependency section */
		3DADDCF52DAB34C50014FC7B /* PBXTargetDependency */ = {
			isa = PBXTargetDependency;
			target = 3DADDCE52DAB34C30014FC7B /* SMBGallery */;
			targetProxy = 3DADDCF42DAB34C50014FC7B /* PBXContainerItemProxy */;
		};
		3DADDCFF2DAB34C50014FC7B /* PBXTargetDependency */ = {
			isa = PBXTargetDependency;
			target = 3DADDCE52DAB34C30014FC7B /* SMBGallery */;
			targetProxy = 3DADDCFE2DAB34C50014FC7B /* PBXContainerItemProxy */;
		};
/* End PBXTargetDependency section */

/* Begin XCBuildConfiguration section */
		3DADDD052DAB34C50014FC7B /* Debug */ = {
			isa = XCBuildConfiguration;
			buildSettings = {
				ALWAYS_SEARCH_USER_PATHS = NO;
				ASSETCATALOG_COMPILER_GENERATE_SWIFT_ASSET_SYMBOL_EXTENSIONS = YES;
				CLANG_ANALYZER_NONNULL = YES;
				CLANG_ANALYZER_NUMBER_OBJECT_CONVERSION = YES_AGGRESSIVE;
				CLANG_CXX_LANGUAGE_STANDARD = "gnu++20";
				CLANG_ENABLE_MODULES = YES;
				CLANG_ENABLE_OBJC_ARC = YES;
				CLANG_ENABLE_OBJC_WEAK = YES;
				CLANG_WARN_BLOCK_CAPTURE_AUTORELEASING = YES;
				CLANG_WARN_BOOL_CONVERSION = YES;
				CLANG_WARN_COMMA = YES;
				CLANG_WARN_CONSTANT_CONVERSION = YES;
				CLANG_WARN_DEPRECATED_OBJC_IMPLEMENTATIONS = YES;
				CLANG_WARN_DIRECT_OBJC_ISA_USAGE = YES_ERROR;
				CLANG_WARN_DOCUMENTATION_COMMENTS = YES;
				CLANG_WARN_EMPTY_BODY = YES;
				CLANG_WARN_ENUM_CONVERSION = YES;
				CLANG_WARN_INFINITE_RECURSION = YES;
				CLANG_WARN_INT_CONVERSION = YES;
				CLANG_WARN_NON_LITERAL_NULL_CONVERSION = YES;
				CLANG_WARN_OBJC_IMPLICIT_RETAIN_SELF = YES;
				CLANG_WARN_OBJC_LITERAL_CONVERSION = YES;
				CLANG_WARN_OBJC_ROOT_CLASS = YES_ERROR;
				CLANG_WARN_QUOTED_INCLUDE_IN_FRAMEWORK_HEADER = YES;
				CLANG_WARN_RANGE_LOOP_ANALYSIS = YES;
				CLANG_WARN_STRICT_PROTOTYPES = YES;
				CLANG_WARN_SUSPICIOUS_MOVE = YES;
				CLANG_WARN_UNGUARDED_AVAILABILITY = YES_AGGRESSIVE;
				CLANG_WARN_UNREACHABLE_CODE = YES;
				CLANG_WARN__DUPLICATE_METHOD_MATCH = YES;
				COPY_PHASE_STRIP = NO;
				DEBUG_INFORMATION_FORMAT = dwarf;
				DEVELOPMENT_TEAM = WTYN2T755D;
				ENABLE_STRICT_OBJC_MSGSEND = YES;
				ENABLE_TESTABILITY = YES;
				ENABLE_USER_SCRIPT_SANDBOXING = YES;
				GCC_C_LANGUAGE_STANDARD = gnu17;
				GCC_DYNAMIC_NO_PIC = NO;
				GCC_NO_COMMON_BLOCKS = YES;
				GCC_OPTIMIZATION_LEVEL = 0;
				GCC_PREPROCESSOR_DEFINITIONS = (
					"DEBUG=1",
					"$(inherited)",
				);
				GCC_WARN_64_TO_32_BIT_CONVERSION = YES;
				GCC_WARN_ABOUT_RETURN_TYPE = YES_ERROR;
				GCC_WARN_UNDECLARED_SELECTOR = YES;
				GCC_WARN_UNINITIALIZED_AUTOS = YES_AGGRESSIVE;
				GCC_WARN_UNUSED_FUNCTION = YES;
				GCC_WARN_UNUSED_VARIABLE = YES;
				IPHONEOS_DEPLOYMENT_TARGET = 18.4;
				LOCALIZATION_PREFERS_STRING_CATALOGS = YES;
				MTL_ENABLE_DEBUG_INFO = INCLUDE_SOURCE;
				MTL_FAST_MATH = YES;
				ONLY_ACTIVE_ARCH = YES;
				SDKROOT = iphoneos;
				SWIFT_ACTIVE_COMPILATION_CONDITIONS = "DEBUG $(inherited)";
				SWIFT_OPTIMIZATION_LEVEL = "-Onone";
			};
			name = Debug;
		};
		3DADDD062DAB34C50014FC7B /* Release */ = {
			isa = XCBuildConfiguration;
			buildSettings = {
				ALWAYS_SEARCH_USER_PATHS = NO;
				ASSETCATALOG_COMPILER_GENERATE_SWIFT_ASSET_SYMBOL_EXTENSIONS = YES;
				CLANG_ANALYZER_NONNULL = YES;
				CLANG_ANALYZER_NUMBER_OBJECT_CONVERSION = YES_AGGRESSIVE;
				CLANG_CXX_LANGUAGE_STANDARD = "gnu++20";
				CLANG_ENABLE_MODULES = YES;
				CLANG_ENABLE_OBJC_ARC = YES;
				CLANG_ENABLE_OBJC_WEAK = YES;
				CLANG_WARN_BLOCK_CAPTURE_AUTORELEASING = YES;
				CLANG_WARN_BOOL_CONVERSION = YES;
				CLANG_WARN_COMMA = YES;
				CLANG_WARN_CONSTANT_CONVERSION = YES;
				CLANG_WARN_DEPRECATED_OBJC_IMPLEMENTATIONS = YES;
				CLANG_WARN_DIRECT_OBJC_ISA_USAGE = YES_ERROR;
				CLANG_WARN_DOCUMENTATION_COMMENTS = YES;
				CLANG_WARN_EMPTY_BODY = YES;
				CLANG_WARN_ENUM_CONVERSION = YES;
				CLANG_WARN_INFINITE_RECURSION = YES;
				CLANG_WARN_INT_CONVERSION = YES;
				CLANG_WARN_NON_LITERAL_NULL_CONVERSION = YES;
				CLANG_WARN_OBJC_IMPLICIT_RETAIN_SELF = YES;
				CLANG_WARN_OBJC_LITERAL_CONVERSION = YES;
				CLANG_WARN_OBJC_ROOT_CLASS = YES_ERROR;
				CLANG_WARN_QUOTED_INCLUDE_IN_FRAMEWORK_HEADER = YES;
				CLANG_WARN_RANGE_LOOP_ANALYSIS = YES;
				CLANG_WARN_STRICT_PROTOTYPES = YES;
				CLANG_WARN_SUSPICIOUS_MOVE = YES;
				CLANG_WARN_UNGUARDED_AVAILABILITY = YES_AGGRESSIVE;
				CLANG_WARN_UNREACHABLE_CODE = YES;
				CLANG_WARN__DUPLICATE_METHOD_MATCH = YES;
				COPY_PHASE_STRIP = NO;
				DEBUG_INFORMATION_FORMAT = "dwarf-with-dsym";
				DEVELOPMENT_TEAM = WTYN2T755D;
				ENABLE_NS_ASSERTIONS = NO;
				ENABLE_STRICT_OBJC_MSGSEND = YES;
				ENABLE_USER_SCRIPT_SANDBOXING = YES;
				GCC_C_LANGUAGE_STANDARD = gnu17;
				GCC_NO_COMMON_BLOCKS = YES;
				GCC_WARN_64_TO_32_BIT_CONVERSION = YES;
				GCC_WARN_ABOUT_RETURN_TYPE = YES_ERROR;
				GCC_WARN_UNDECLARED_SELECTOR = YES;
				GCC_WARN_UNINITIALIZED_AUTOS = YES_AGGRESSIVE;
				GCC_WARN_UNUSED_FUNCTION = YES;
				GCC_WARN_UNUSED_VARIABLE = YES;
				IPHONEOS_DEPLOYMENT_TARGET = 18.4;
				LOCALIZATION_PREFERS_STRING_CATALOGS = YES;
				MTL_ENABLE_DEBUG_INFO = NO;
				MTL_FAST_MATH = YES;
				SDKROOT = iphoneos;
				SWIFT_COMPILATION_MODE = wholemodule;
				VALIDATE_PRODUCT = YES;
			};
			name = Release;
		};
		3DADDD082DAB34C50014FC7B /* Debug */ = {
			isa = XCBuildConfiguration;
			buildSettings = {
				ASSETCATALOG_COMPILER_APPICON_NAME = AppIcon;
				ASSETCATALOG_COMPILER_GLOBAL_ACCENT_COLOR_NAME = AccentColor;
				CODE_SIGN_STYLE = Automatic;
				CURRENT_PROJECT_VERSION = 1;
				DEVELOPMENT_TEAM = WTYN2T755D;
				ENABLE_PREVIEWS = YES;
				GENERATE_INFOPLIST_FILE = YES;
				INFOPLIST_KEY_UIApplicationSceneManifest_Generation = YES;
				INFOPLIST_KEY_UIApplicationSupportsIndirectInputEvents = YES;
				INFOPLIST_KEY_UILaunchScreen_Generation = YES;
				INFOPLIST_KEY_UISupportedInterfaceOrientations_iPad = "UIInterfaceOrientationPortrait UIInterfaceOrientationPortraitUpsideDown UIInterfaceOrientationLandscapeLeft UIInterfaceOrientationLandscapeRight";
				INFOPLIST_KEY_UISupportedInterfaceOrientations_iPhone = "UIInterfaceOrientationPortrait UIInterfaceOrientationLandscapeLeft UIInterfaceOrientationLandscapeRight";
				LD_RUNPATH_SEARCH_PATHS = (
					"$(inherited)",
					"@executable_path/Frameworks",
				);
				MARKETING_VERSION = 1.0;
				PRODUCT_BUNDLE_IDENTIFIER = campwill.SMBGallery;
				PRODUCT_NAME = "$(TARGET_NAME)";
				SWIFT_EMIT_LOC_STRINGS = YES;
				SWIFT_VERSION = 5.0;
				TARGETED_DEVICE_FAMILY = "1,2";
			};
			name = Debug;
		};
		3DADDD092DAB34C50014FC7B /* Release */ = {
			isa = XCBuildConfiguration;
			buildSettings = {
				ASSETCATALOG_COMPILER_APPICON_NAME = AppIcon;
				ASSETCATALOG_COMPILER_GLOBAL_ACCENT_COLOR_NAME = AccentColor;
				CODE_SIGN_STYLE = Automatic;
				CURRENT_PROJECT_VERSION = 1;
				DEVELOPMENT_TEAM = WTYN2T755D;
				ENABLE_PREVIEWS = YES;
				GENERATE_INFOPLIST_FILE = YES;
				INFOPLIST_KEY_UIApplicationSceneManifest_Generation = YES;
				INFOPLIST_KEY_UIApplicationSupportsIndirectInputEvents = YES;
				INFOPLIST_KEY_UILaunchScreen_Generation = YES;
				INFOPLIST_KEY_UISupportedInterfaceOrientations_iPad = "UIInterfaceOrientationPortrait UIInterfaceOrientationPortraitUpsideDown UIInterfaceOrientationLandscapeLeft UIInterfaceOrientationLandscapeRight";
				INFOPLIST_KEY_UISupportedInterfaceOrientations_iPhone = "UIInterfaceOrientationPortrait UIInterfaceOrientationLandscapeLeft UIInterfaceOrientationLandscapeRight";
				LD_RUNPATH_SEARCH_PATHS = (
					"$(inherited)",
					"@executable_path/Frameworks",
				);
				MARKETING_VERSION = 1.0;
				PRODUCT_BUNDLE_IDENTIFIER = campwill.SMBGallery;
				PRODUCT_NAME = "$(TARGET_NAME)";
				SWIFT_EMIT_LOC_STRINGS = YES;
				SWIFT_VERSION = 5.0;
				TARGETED_DEVICE_FAMILY = "1,2";
			};
			name = Release;
		};
		3DADDD0B2DAB34C50014FC7B /* Debug */ = {
			isa = XCBuildConfiguration;
			buildSettings = {
				BUNDLE_LOADER = "$(TEST_HOST)";
				CODE_SIGN_STYLE = Automatic;
				CURRENT_PROJECT_VERSION = 1;
				DEVELOPMENT_TEAM = WTYN2T755D;
				GENERATE_INFOPLIST_FILE = YES;
				IPHONEOS_DEPLOYMENT_TARGET = 18.4;
				MARKETING_VERSION = 1.0;
				PRODUCT_BUNDLE_IDENTIFIER = campwill.SMBGalleryTests;
				PRODUCT_NAME = "$(TARGET_NAME)";
				SWIFT_EMIT_LOC_STRINGS = NO;
				SWIFT_VERSION = 5.0;
				TARGETED_DEVICE_FAMILY = "1,2";
				TEST_HOST = "$(BUILT_PRODUCTS_DIR)/SMBGallery.app/$(BUNDLE_EXECUTABLE_FOLDER_PATH)/SMBGallery";
			};
			name = Debug;
		};
		3DADDD0C2DAB34C50014FC7B /* Release */ = {
			isa = XCBuildConfiguration;
			buildSettings = {
				BUNDLE_LOADER = "$(TEST_HOST)";
				CODE_SIGN_STYLE = Automatic;
				CURRENT_PROJECT_VERSION = 1;
				DEVELOPMENT_TEAM = WTYN2T755D;
				GENERATE_INFOPLIST_FILE = YES;
				IPHONEOS_DEPLOYMENT_TARGET = 18.4;
				MARKETING_VERSION = 1.0;
				PRODUCT_BUNDLE_IDENTIFIER = campwill.SMBGalleryTests;
				PRODUCT_NAME = "$(TARGET_NAME)";
				SWIFT_EMIT_LOC_STRINGS = NO;
				SWIFT_VERSION = 5.0;
				TARGETED_DEVICE_FAMILY = "1,2";
				TEST_HOST = "$(BUILT_PRODUCTS_DIR)/SMBGallery.app/$(BUNDLE_EXECUTABLE_FOLDER_PATH)/SMBGallery";
			};
			name = Release;
		};
		3DADDD0E2DAB34C50014FC7B /* Debug */ = {
			isa = XCBuildConfiguration;
			buildSettings = {
				CODE_SIGN_STYLE = Automatic;
				CURRENT_PROJECT_VERSION = 1;
				DEVELOPMENT_TEAM = WTYN2T755D;
				GENERATE_INFOPLIST_FILE = YES;
				MARKETING_VERSION = 1.0;
				PRODUCT_BUNDLE_IDENTIFIER = campwill.SMBGalleryUITests;
				PRODUCT_NAME = "$(TARGET_NAME)";
				SWIFT_EMIT_LOC_STRINGS = NO;
				SWIFT_VERSION = 5.0;
				TARGETED_DEVICE_FAMILY = "1,2";
				TEST_TARGET_NAME = SMBGallery;
			};
			name = Debug;
		};
		3DADDD0F2DAB34C50014FC7B /* Release */ = {
			isa = XCBuildConfiguration;
			buildSettings = {
				CODE_SIGN_STYLE = Automatic;
				CURRENT_PROJECT_VERSION = 1;
				DEVELOPMENT_TEAM = WTYN2T755D;
				GENERATE_INFOPLIST_FILE = YES;
				MARKETING_VERSION = 1.0;
				PRODUCT_BUNDLE_IDENTIFIER = campwill.SMBGalleryUITests;
				PRODUCT_NAME = "$(TARGET_NAME)";
				SWIFT_EMIT_LOC_STRINGS = NO;
				SWIFT_VERSION = 5.0;
				TARGETED_DEVICE_FAMILY = "1,2";
				TEST_TARGET_NAME = SMBGallery;
			};
			name = Release;
		};
/* End XCBuildConfiguration section */

/* Begin XCConfigurationList section */
		3DADDCE12DAB34C30014FC7B /* Build configuration list for PBXProject "SMBGallery" */ = {
			isa = XCConfigurationList;
			buildConfigurations = (
				3DADDD052DAB34C50014FC7B /* Debug */,
				3DADDD062DAB34C50014FC7B /* Release */,
			);
			defaultConfigurationIsVisible = 0;
			defaultConfigurationName = Release;
		};
		3DADDD072DAB34C50014FC7B /* Build configuration list for PBXNativeTarget "SMBGallery" */ = {
			isa = XCConfigurationList;
			buildConfigurations = (
				3DADDD082DAB34C50014FC7B /* Debug */,
				3DADDD092DAB34C50014FC7B /* Release */,
			);
			defaultConfigurationIsVisible = 0;
			defaultConfigurationName = Release;
		};
		3DADDD0A2DAB34C50014FC7B /* Build configuration list for PBXNativeTarget "SMBGalleryTests" */ = {
			isa = XCConfigurationList;
			buildConfigurations = (
				3DADDD0B2DAB34C50014FC7B /* Debug */,
				3DADDD0C2DAB34C50014FC7B /* Release */,
			);
			defaultConfigurationIsVisible = 0;
			defaultConfigurationName = Release;
		};
		3DADDD0D2DAB34C50014FC7B /* Build configuration list for PBXNativeTarget "SMBGalleryUITests" */ = {
			isa = XCConfigurationList;
			buildConfigurations = (
				3DADDD0E2DAB34C50014FC7B /* Debug */,
				3DADDD0F2DAB34C50014FC7B /* Release */,
			);
			defaultConfigurationIsVisible = 0;
			defaultConfigurationName = Release;
		};
/* End XCConfigurationList section */

/* Begin XCRemoteSwiftPackageReference section */
		3DADDD242DAB3A8A0014FC7B /* XCRemoteSwiftPackageReference "SMBClient" */ = {
			isa = XCRemoteSwiftPackageReference;
			repositoryURL = "https://github.com/kishikawakatsumi/SMBClient.git";
			requirement = {
				kind = upToNextMajorVersion;
				minimumVersion = 0.3.1;
			};
		};
/* End XCRemoteSwiftPackageReference section */

/* Begin XCSwiftPackageProductDependency section */
		3DADDD252DAB3A8A0014FC7B /* SMBClient */ = {
			isa = XCSwiftPackageProductDependency;
			package = 3DADDD242DAB3A8A0014FC7B /* XCRemoteSwiftPackageReference "SMBClient" */;
			productName = SMBClient;
		};
/* End XCSwiftPackageProductDependency section */
	};
	rootObject = 3DADDCDE2DAB34C30014FC7B /* Project object */;
}
